// !$*UTF8*$!
{
	archiveVersion = 1;
	classes = {
	};
	objectVersion = 48;
	objects = {

/* Begin PBXBuildFile section */
		BD6B9E0E1FC8FF6E004B0D26 /* AppDelegate.swift in Sources */ = {isa = PBXBuildFile; fileRef = BD6B9E0D1FC8FF6E004B0D26 /* AppDelegate.swift */; };
		BD6B9E131FC8FF6E004B0D26 /* CastleDefense.xcdatamodeld in Sources */ = {isa = PBXBuildFile; fileRef = BD6B9E111FC8FF6E004B0D26 /* CastleDefense.xcdatamodeld */; };
		BD6B9E151FC8FF6E004B0D26 /* Assets.xcassets in Resources */ = {isa = PBXBuildFile; fileRef = BD6B9E141FC8FF6E004B0D26 /* Assets.xcassets */; };
		BD6B9E181FC8FF6E004B0D26 /* Main.storyboard in Resources */ = {isa = PBXBuildFile; fileRef = BD6B9E161FC8FF6E004B0D26 /* Main.storyboard */; };
		BD6B9E231FC9041B004B0D26 /* GameView.swift in Sources */ = {isa = PBXBuildFile; fileRef = BD6B9E221FC9041B004B0D26 /* GameView.swift */; };
		BD6B9E251FC90AAA004B0D26 /* SettingsViewController.swift in Sources */ = {isa = PBXBuildFile; fileRef = BD6B9E241FC90AAA004B0D26 /* SettingsViewController.swift */; };
		BD6B9E271FC91B9D004B0D26 /* Renderer.swift in Sources */ = {isa = PBXBuildFile; fileRef = BD6B9E261FC91B9D004B0D26 /* Renderer.swift */; };
		BD6B9E2A1FC91F4D004B0D26 /* Preferences.swift in Sources */ = {isa = PBXBuildFile; fileRef = BD6B9E291FC91F4D004B0D26 /* Preferences.swift */; };
		BD6B9E331FC92672004B0D26 /* BasicShaders.metal in Sources */ = {isa = PBXBuildFile; fileRef = BD6B9E321FC92672004B0D26 /* BasicShaders.metal */; };
/* End PBXBuildFile section */

/* Begin PBXFileReference section */
		BD6B9E0A1FC8FF6E004B0D26 /* CastleDefense.app */ = {isa = PBXFileReference; explicitFileType = wrapper.application; includeInIndex = 0; path = CastleDefense.app; sourceTree = BUILT_PRODUCTS_DIR; };
		BD6B9E0D1FC8FF6E004B0D26 /* AppDelegate.swift */ = {isa = PBXFileReference; lastKnownFileType = sourcecode.swift; path = AppDelegate.swift; sourceTree = "<group>"; };
		BD6B9E121FC8FF6E004B0D26 /* CastleDefense.xcdatamodel */ = {isa = PBXFileReference; lastKnownFileType = wrapper.xcdatamodel; path = CastleDefense.xcdatamodel; sourceTree = "<group>"; };
		BD6B9E141FC8FF6E004B0D26 /* Assets.xcassets */ = {isa = PBXFileReference; lastKnownFileType = folder.assetcatalog; path = Assets.xcassets; sourceTree = "<group>"; };
		BD6B9E171FC8FF6E004B0D26 /* Base */ = {isa = PBXFileReference; lastKnownFileType = file.storyboard; name = Base; path = Base.lproj/Main.storyboard; sourceTree = "<group>"; };
		BD6B9E191FC8FF6E004B0D26 /* Info.plist */ = {isa = PBXFileReference; lastKnownFileType = text.plist.xml; path = Info.plist; sourceTree = "<group>"; };
		BD6B9E1A1FC8FF6E004B0D26 /* CastleDefense.entitlements */ = {isa = PBXFileReference; lastKnownFileType = text.plist.entitlements; path = CastleDefense.entitlements; sourceTree = "<group>"; };
		BD6B9E221FC9041B004B0D26 /* GameView.swift */ = {isa = PBXFileReference; lastKnownFileType = sourcecode.swift; path = GameView.swift; sourceTree = "<group>"; };
		BD6B9E241FC90AAA004B0D26 /* SettingsViewController.swift */ = {isa = PBXFileReference; lastKnownFileType = sourcecode.swift; path = SettingsViewController.swift; sourceTree = "<group>"; };
		BD6B9E261FC91B9D004B0D26 /* Renderer.swift */ = {isa = PBXFileReference; lastKnownFileType = sourcecode.swift; path = Renderer.swift; sourceTree = "<group>"; };
		BD6B9E291FC91F4D004B0D26 /* Preferences.swift */ = {isa = PBXFileReference; lastKnownFileType = sourcecode.swift; path = Preferences.swift; sourceTree = "<group>"; };
		BD6B9E321FC92672004B0D26 /* BasicShaders.metal */ = {isa = PBXFileReference; lastKnownFileType = sourcecode.metal; path = BasicShaders.metal; sourceTree = "<group>"; };
/* End PBXFileReference section */

/* Begin PBXFrameworksBuildPhase section */
		BD6B9E071FC8FF6E004B0D26 /* Frameworks */ = {
			isa = PBXFrameworksBuildPhase;
			buildActionMask = 2147483647;
			files = (
			);
			runOnlyForDeploymentPostprocessing = 0;
		};
/* End PBXFrameworksBuildPhase section */

/* Begin PBXGroup section */
		BD6B9E011FC8FF6E004B0D26 = {
			isa = PBXGroup;
			children = (
				BD6B9E0C1FC8FF6E004B0D26 /* CastleDefense */,
				BD6B9E0B1FC8FF6E004B0D26 /* Products */,
			);
			sourceTree = "<group>";
		};
		BD6B9E0B1FC8FF6E004B0D26 /* Products */ = {
			isa = PBXGroup;
			children = (
				BD6B9E0A1FC8FF6E004B0D26 /* CastleDefense.app */,
			);
			name = Products;
			sourceTree = "<group>";
		};
		BD6B9E0C1FC8FF6E004B0D26 /* CastleDefense */ = {
			isa = PBXGroup;
			children = (
				BD6B9E2B1FC91F7C004B0D26 /* Game */,
				BD6B9E281FC91F29004B0D26 /* Settings */,
				BD6B9E211FC903BC004B0D26 /* Windows */,
				BD6B9E201FC8FFBF004B0D26 /* Other Files */,
			);
			path = CastleDefense;
			sourceTree = "<group>";
		};
		BD6B9E201FC8FFBF004B0D26 /* Other Files */ = {
			isa = PBXGroup;
			children = (
				BD6B9E191FC8FF6E004B0D26 /* Info.plist */,
				BD6B9E1A1FC8FF6E004B0D26 /* CastleDefense.entitlements */,
				BD6B9E111FC8FF6E004B0D26 /* CastleDefense.xcdatamodeld */,
				BD6B9E141FC8FF6E004B0D26 /* Assets.xcassets */,
				BD6B9E0D1FC8FF6E004B0D26 /* AppDelegate.swift */,
			);
			path = "Other Files";
			sourceTree = "<group>";
		};
		BD6B9E211FC903BC004B0D26 /* Windows */ = {
			isa = PBXGroup;
			children = (
				BD6B9E161FC8FF6E004B0D26 /* Main.storyboard */,
				BD6B9E221FC9041B004B0D26 /* GameView.swift */,
				BD6B9E241FC90AAA004B0D26 /* SettingsViewController.swift */,
			);
			path = Windows;
			sourceTree = "<group>";
		};
		BD6B9E281FC91F29004B0D26 /* Settings */ = {
			isa = PBXGroup;
			children = (
				BD6B9E291FC91F4D004B0D26 /* Preferences.swift */,
			);
			path = Settings;
			sourceTree = "<group>";
		};
		BD6B9E2B1FC91F7C004B0D26 /* Game */ = {
			isa = PBXGroup;
			children = (
				BD6B9E261FC91B9D004B0D26 /* Renderer.swift */,
				BD6B9E2F1FC925E7004B0D26 /* Shaders */,
			);
			path = Game;
			sourceTree = "<group>";
		};
		BD6B9E2F1FC925E7004B0D26 /* Shaders */ = {
			isa = PBXGroup;
			children = (
				BD6B9E321FC92672004B0D26 /* BasicShaders.metal */,
			);
			path = Shaders;
			sourceTree = "<group>";
		};
/* End PBXGroup section */

/* Begin PBXNativeTarget section */
		BD6B9E091FC8FF6E004B0D26 /* CastleDefense */ = {
			isa = PBXNativeTarget;
			buildConfigurationList = BD6B9E1D1FC8FF6E004B0D26 /* Build configuration list for PBXNativeTarget "CastleDefense" */;
			buildPhases = (
				BD6B9E061FC8FF6E004B0D26 /* Sources */,
				BD6B9E071FC8FF6E004B0D26 /* Frameworks */,
				BD6B9E081FC8FF6E004B0D26 /* Resources */,
			);
			buildRules = (
			);
			dependencies = (
			);
			name = CastleDefense;
			productName = CastleDefense;
			productReference = BD6B9E0A1FC8FF6E004B0D26 /* CastleDefense.app */;
			productType = "com.apple.product-type.application";
		};
/* End PBXNativeTarget section */

/* Begin PBXProject section */
		BD6B9E021FC8FF6E004B0D26 /* Project object */ = {
			isa = PBXProject;
			attributes = {
				LastSwiftUpdateCheck = 0910;
				LastUpgradeCheck = 0910;
				ORGANIZATIONNAME = "Rick Twohy";
				TargetAttributes = {
					BD6B9E091FC8FF6E004B0D26 = {
						CreatedOnToolsVersion = 9.1;
						ProvisioningStyle = Automatic;
					};
				};
			};
			buildConfigurationList = BD6B9E051FC8FF6E004B0D26 /* Build configuration list for PBXProject "CastleDefense" */;
			compatibilityVersion = "Xcode 8.0";
			developmentRegion = en;
			hasScannedForEncodings = 0;
			knownRegions = (
				en,
				Base,
			);
			mainGroup = BD6B9E011FC8FF6E004B0D26;
			productRefGroup = BD6B9E0B1FC8FF6E004B0D26 /* Products */;
			projectDirPath = "";
			projectRoot = "";
			targets = (
				BD6B9E091FC8FF6E004B0D26 /* CastleDefense */,
			);
		};
/* End PBXProject section */

/* Begin PBXResourcesBuildPhase section */
		BD6B9E081FC8FF6E004B0D26 /* Resources */ = {
			isa = PBXResourcesBuildPhase;
			buildActionMask = 2147483647;
			files = (
				BD6B9E151FC8FF6E004B0D26 /* Assets.xcassets in Resources */,
				BD6B9E181FC8FF6E004B0D26 /* Main.storyboard in Resources */,
			);
			runOnlyForDeploymentPostprocessing = 0;
		};
/* End PBXResourcesBuildPhase section */

/* Begin PBXSourcesBuildPhase section */
		BD6B9E061FC8FF6E004B0D26 /* Sources */ = {
			isa = PBXSourcesBuildPhase;
			buildActionMask = 2147483647;
			files = (
				BD6B9E0E1FC8FF6E004B0D26 /* AppDelegate.swift in Sources */,
				BD6B9E331FC92672004B0D26 /* BasicShaders.metal in Sources */,
				BD6B9E231FC9041B004B0D26 /* GameView.swift in Sources */,
				BD6B9E2A1FC91F4D004B0D26 /* Preferences.swift in Sources */,
				BD6B9E131FC8FF6E004B0D26 /* CastleDefense.xcdatamodeld in Sources */,
				BD6B9E271FC91B9D004B0D26 /* Renderer.swift in Sources */,
				BD6B9E251FC90AAA004B0D26 /* SettingsViewController.swift in Sources */,
			);
			runOnlyForDeploymentPostprocessing = 0;
		};
/* End PBXSourcesBuildPhase section */

/* Begin PBXVariantGroup section */
		BD6B9E161FC8FF6E004B0D26 /* Main.storyboard */ = {
			isa = PBXVariantGroup;
			children = (
				BD6B9E171FC8FF6E004B0D26 /* Base */,
			);
			name = Main.storyboard;
			sourceTree = "<group>";
		};
/* End PBXVariantGroup section */

/* Begin XCBuildConfiguration section */
		BD6B9E1B1FC8FF6E004B0D26 /* Debug */ = {
			isa = XCBuildConfiguration;
			buildSettings = {
				ALWAYS_SEARCH_USER_PATHS = NO;
				CLANG_ANALYZER_NONNULL = YES;
				CLANG_ANALYZER_NUMBER_OBJECT_CONVERSION = YES_AGGRESSIVE;
				CLANG_CXX_LANGUAGE_STANDARD = "gnu++14";
				CLANG_CXX_LIBRARY = "libc++";
				CLANG_ENABLE_MODULES = YES;
				CLANG_ENABLE_OBJC_ARC = YES;
				CLANG_WARN_BLOCK_CAPTURE_AUTORELEASING = YES;
				CLANG_WARN_BOOL_CONVERSION = YES;
				CLANG_WARN_COMMA = YES;
				CLANG_WARN_CONSTANT_CONVERSION = YES;
				CLANG_WARN_DIRECT_OBJC_ISA_USAGE = YES_ERROR;
				CLANG_WARN_DOCUMENTATION_COMMENTS = YES;
				CLANG_WARN_EMPTY_BODY = YES;
				CLANG_WARN_ENUM_CONVERSION = YES;
				CLANG_WARN_INFINITE_RECURSION = YES;
				CLANG_WARN_INT_CONVERSION = YES;
				CLANG_WARN_NON_LITERAL_NULL_CONVERSION = YES;
				CLANG_WARN_OBJC_LITERAL_CONVERSION = YES;
				CLANG_WARN_OBJC_ROOT_CLASS = YES_ERROR;
				CLANG_WARN_RANGE_LOOP_ANALYSIS = YES;
				CLANG_WARN_STRICT_PROTOTYPES = YES;
				CLANG_WARN_SUSPICIOUS_MOVE = YES;
				CLANG_WARN_UNGUARDED_AVAILABILITY = YES_AGGRESSIVE;
				CLANG_WARN_UNREACHABLE_CODE = YES;
				CLANG_WARN__DUPLICATE_METHOD_MATCH = YES;
				CODE_SIGN_IDENTITY = "Mac Developer";
				COPY_PHASE_STRIP = NO;
				DEBUG_INFORMATION_FORMAT = dwarf;
				ENABLE_STRICT_OBJC_MSGSEND = YES;
				ENABLE_TESTABILITY = YES;
				GCC_C_LANGUAGE_STANDARD = gnu11;
				GCC_DYNAMIC_NO_PIC = NO;
				GCC_NO_COMMON_BLOCKS = YES;
				GCC_OPTIMIZATION_LEVEL = 0;
				GCC_PREPROCESSOR_DEFINITIONS = (
					"DEBUG=1",
					"$(inherited)",
				);
				GCC_WARN_64_TO_32_BIT_CONVERSION = YES;
				GCC_WARN_ABOUT_RETURN_TYPE = YES_ERROR;
				GCC_WARN_UNDECLARED_SELECTOR = YES;
				GCC_WARN_UNINITIALIZED_AUTOS = YES_AGGRESSIVE;
				GCC_WARN_UNUSED_FUNCTION = YES;
				GCC_WARN_UNUSED_VARIABLE = YES;
				MACOSX_DEPLOYMENT_TARGET = 10.13;
				MTL_ENABLE_DEBUG_INFO = YES;
				ONLY_ACTIVE_ARCH = YES;
				SDKROOT = macosx;
				SWIFT_ACTIVE_COMPILATION_CONDITIONS = DEBUG;
				SWIFT_OPTIMIZATION_LEVEL = "-Onone";
			};
			name = Debug;
		};
		BD6B9E1C1FC8FF6E004B0D26 /* Release */ = {
			isa = XCBuildConfiguration;
			buildSettings = {
				ALWAYS_SEARCH_USER_PATHS = NO;
				CLANG_ANALYZER_NONNULL = YES;
				CLANG_ANALYZER_NUMBER_OBJECT_CONVERSION = YES_AGGRESSIVE;
				CLANG_CXX_LANGUAGE_STANDARD = "gnu++14";
				CLANG_CXX_LIBRARY = "libc++";
				CLANG_ENABLE_MODULES = YES;
				CLANG_ENABLE_OBJC_ARC = YES;
				CLANG_WARN_BLOCK_CAPTURE_AUTORELEASING = YES;
				CLANG_WARN_BOOL_CONVERSION = YES;
				CLANG_WARN_COMMA = YES;
				CLANG_WARN_CONSTANT_CONVERSION = YES;
				CLANG_WARN_DIRECT_OBJC_ISA_USAGE = YES_ERROR;
				CLANG_WARN_DOCUMENTATION_COMMENTS = YES;
				CLANG_WARN_EMPTY_BODY = YES;
				CLANG_WARN_ENUM_CONVERSION = YES;
				CLANG_WARN_INFINITE_RECURSION = YES;
				CLANG_WARN_INT_CONVERSION = YES;
				CLANG_WARN_NON_LITERAL_NULL_CONVERSION = YES;
				CLANG_WARN_OBJC_LITERAL_CONVERSION = YES;
				CLANG_WARN_OBJC_ROOT_CLASS = YES_ERROR;
				CLANG_WARN_RANGE_LOOP_ANALYSIS = YES;
				CLANG_WARN_STRICT_PROTOTYPES = YES;
				CLANG_WARN_SUSPICIOUS_MOVE = YES;
				CLANG_WARN_UNGUARDED_AVAILABILITY = YES_AGGRESSIVE;
				CLANG_WARN_UNREACHABLE_CODE = YES;
				CLANG_WARN__DUPLICATE_METHOD_MATCH = YES;
				CODE_SIGN_IDENTITY = "Mac Developer";
				COPY_PHASE_STRIP = NO;
				DEBUG_INFORMATION_FORMAT = "dwarf-with-dsym";
				ENABLE_NS_ASSERTIONS = NO;
				ENABLE_STRICT_OBJC_MSGSEND = YES;
				GCC_C_LANGUAGE_STANDARD = gnu11;
				GCC_NO_COMMON_BLOCKS = YES;
				GCC_WARN_64_TO_32_BIT_CONVERSION = YES;
				GCC_WARN_ABOUT_RETURN_TYPE = YES_ERROR;
				GCC_WARN_UNDECLARED_SELECTOR = YES;
				GCC_WARN_UNINITIALIZED_AUTOS = YES_AGGRESSIVE;
				GCC_WARN_UNUSED_FUNCTION = YES;
				GCC_WARN_UNUSED_VARIABLE = YES;
				MACOSX_DEPLOYMENT_TARGET = 10.13;
				MTL_ENABLE_DEBUG_INFO = NO;
				SDKROOT = macosx;
				SWIFT_OPTIMIZATION_LEVEL = "-Owholemodule";
			};
			name = Release;
		};
		BD6B9E1E1FC8FF6E004B0D26 /* Debug */ = {
			isa = XCBuildConfiguration;
			buildSettings = {
				ASSETCATALOG_COMPILER_APPICON_NAME = AppIcon;
				CODE_SIGN_ENTITLEMENTS = "CastleDefense/Other Files/CastleDefense.entitlements";
				CODE_SIGN_STYLE = Automatic;
				COMBINE_HIDPI_IMAGES = YES;
				DEVELOPMENT_TEAM = 9QQ2JZFGTQ;
				INFOPLIST_FILE = "CastleDefense/Other Files/Info.plist";
				LD_RUNPATH_SEARCH_PATHS = "$(inherited) @executable_path/../Frameworks";
				PRODUCT_BUNDLE_IDENTIFIER = flophouseattrocities.CastleDefense;
				PRODUCT_NAME = "$(TARGET_NAME)";
				SWIFT_VERSION = 4.0;
			};
			name = Debug;
		};
		BD6B9E1F1FC8FF6E004B0D26 /* Release */ = {
			isa = XCBuildConfiguration;
			buildSettings = {
				ASSETCATALOG_COMPILER_APPICON_NAME = AppIcon;
				CODE_SIGN_ENTITLEMENTS = "CastleDefense/Other Files/CastleDefense.entitlements";
				CODE_SIGN_STYLE = Automatic;
				COMBINE_HIDPI_IMAGES = YES;
				DEVELOPMENT_TEAM = 9QQ2JZFGTQ;
				INFOPLIST_FILE = "CastleDefense/Other Files/Info.plist";
				LD_RUNPATH_SEARCH_PATHS = "$(inherited) @executable_path/../Frameworks";
				PRODUCT_BUNDLE_IDENTIFIER = flophouseattrocities.CastleDefense;
				PRODUCT_NAME = "$(TARGET_NAME)";
				SWIFT_VERSION = 4.0;
			};
			name = Release;
		};
/* End XCBuildConfiguration section */

/* Begin XCConfigurationList section */
		BD6B9E051FC8FF6E004B0D26 /* Build configuration list for PBXProject "CastleDefense" */ = {
			isa = XCConfigurationList;
			buildConfigurations = (
				BD6B9E1B1FC8FF6E004B0D26 /* Debug */,
				BD6B9E1C1FC8FF6E004B0D26 /* Release */,
			);
			defaultConfigurationIsVisible = 0;
			defaultConfigurationName = Release;
		};
		BD6B9E1D1FC8FF6E004B0D26 /* Build configuration list for PBXNativeTarget "CastleDefense" */ = {
			isa = XCConfigurationList;
			buildConfigurations = (
				BD6B9E1E1FC8FF6E004B0D26 /* Debug */,
				BD6B9E1F1FC8FF6E004B0D26 /* Release */,
			);
			defaultConfigurationIsVisible = 0;
			defaultConfigurationName = Release;
		};
/* End XCConfigurationList section */

/* Begin XCVersionGroup section */
		BD6B9E111FC8FF6E004B0D26 /* CastleDefense.xcdatamodeld */ = {
			isa = XCVersionGroup;
			children = (
				BD6B9E121FC8FF6E004B0D26 /* CastleDefense.xcdatamodel */,
			);
			currentVersion = BD6B9E121FC8FF6E004B0D26 /* CastleDefense.xcdatamodel */;
			path = CastleDefense.xcdatamodeld;
			sourceTree = "<group>";
			versionGroupType = wrapper.xcdatamodel;
		};
/* End XCVersionGroup section */
	};
	rootObject = BD6B9E021FC8FF6E004B0D26 /* Project object */;
}
